// !$*UTF8*$!
{
	archiveVersion = 1;
	classes = {
	};
	objectVersion = 56;
	objects = {

/* Begin PBXBuildFile section */
		3D2371212A7C73B0000DB098 /* BackgroundInfoViewController.swift in Sources */ = {isa = PBXBuildFile; fileRef = 3D2371202A7C73B0000DB098 /* BackgroundInfoViewController.swift */; };
		3D2371232A7C9980000DB098 /* ChatTableViewCell.swift in Sources */ = {isa = PBXBuildFile; fileRef = 3D2371222A7C9980000DB098 /* ChatTableViewCell.swift */; };
		3D2F5E212A85DA49008B5987 /* DetermineLocationViewController.swift in Sources */ = {isa = PBXBuildFile; fileRef = 3D2F5E202A85DA49008B5987 /* DetermineLocationViewController.swift */; };
		3D2F5E232A85DE2D008B5987 /* asdgafdhhhViewController.swift in Sources */ = {isa = PBXBuildFile; fileRef = 3D2F5E222A85DE2D008B5987 /* asdgafdhhhViewController.swift */; };
		3D2F5E252A8940CC008B5987 /* ItineraryViewController.swift in Sources */ = {isa = PBXBuildFile; fileRef = 3D2F5E242A8940CC008B5987 /* ItineraryViewController.swift */; };
		3DA327DD2A7980E4003CC7D3 /* ChatModeViewController.swift in Sources */ = {isa = PBXBuildFile; fileRef = 3DA327DC2A7980E4003CC7D3 /* ChatModeViewController.swift */; };
		3DA327DF2A798188003CC7D3 /* HistoryViewController.swift in Sources */ = {isa = PBXBuildFile; fileRef = 3DA327DE2A798188003CC7D3 /* HistoryViewController.swift */; };
		3DA327E12A7981F1003CC7D3 /* ItineraryCollectionViewCell.swift in Sources */ = {isa = PBXBuildFile; fileRef = 3DA327E02A7981F1003CC7D3 /* ItineraryCollectionViewCell.swift */; };
		3DA327E32A798219003CC7D3 /* Itinerary.swift in Sources */ = {isa = PBXBuildFile; fileRef = 3DA327E22A798219003CC7D3 /* Itinerary.swift */; };
		3DA327E52A79B939003CC7D3 /* NetworkManager.swift in Sources */ = {isa = PBXBuildFile; fileRef = 3DA327E42A79B939003CC7D3 /* NetworkManager.swift */; };
		EE3460622A76E34D00DF13C6 /* PushViewController.swift in Sources */ = {isa = PBXBuildFile; fileRef = EE3460612A76E34D00DF13C6 /* PushViewController.swift */; };
		EE59D25E2A632DD5007C6BB1 /* AppDelegate.swift in Sources */ = {isa = PBXBuildFile; fileRef = EE59D25D2A632DD5007C6BB1 /* AppDelegate.swift */; };
		EE59D2602A632DD5007C6BB1 /* SceneDelegate.swift in Sources */ = {isa = PBXBuildFile; fileRef = EE59D25F2A632DD5007C6BB1 /* SceneDelegate.swift */; };
		EE59D2622A632DD5007C6BB1 /* ViewController.swift in Sources */ = {isa = PBXBuildFile; fileRef = EE59D2612A632DD5007C6BB1 /* ViewController.swift */; };
		EE59D2652A632DD5007C6BB1 /* Main.storyboard in Resources */ = {isa = PBXBuildFile; fileRef = EE59D2632A632DD5007C6BB1 /* Main.storyboard */; };
		EE59D2682A632DD5007C6BB1 /* langchain_implementation.xcdatamodeld in Sources */ = {isa = PBXBuildFile; fileRef = EE59D2662A632DD5007C6BB1 /* langchain_implementation.xcdatamodeld */; };
		EE59D26A2A632DD6007C6BB1 /* Assets.xcassets in Resources */ = {isa = PBXBuildFile; fileRef = EE59D2692A632DD6007C6BB1 /* Assets.xcassets */; };
		EE59D26D2A632DD6007C6BB1 /* LaunchScreen.storyboard in Resources */ = {isa = PBXBuildFile; fileRef = EE59D26B2A632DD6007C6BB1 /* LaunchScreen.storyboard */; };
		EEE850D22A6336E5005E5304 /* env.txt in Resources */ = {isa = PBXBuildFile; fileRef = EEE850D12A6336E5005E5304 /* env.txt */; };
		EEE850D42A633761005E5304 /* testLangChain.swift in Sources */ = {isa = PBXBuildFile; fileRef = EEE850D32A633761005E5304 /* testLangChain.swift */; };
		EEE850D72A633C31005E5304 /* LangChain in Frameworks */ = {isa = PBXBuildFile; productRef = EEE850D62A633C31005E5304 /* LangChain */; };
		FA37804A0D5DE970F4EDA27A /* Pods_langchain_implementation.framework in Frameworks */ = {isa = PBXBuildFile; fileRef = EE2998FBE1D3456B9F786EA5 /* Pods_langchain_implementation.framework */; };
/* End PBXBuildFile section */

/* Begin PBXFileReference section */
		337BBF69985E874699E9E812 /* Pods-langchain_implementation.debug.xcconfig */ = {isa = PBXFileReference; includeInIndex = 1; lastKnownFileType = text.xcconfig; name = "Pods-langchain_implementation.debug.xcconfig"; path = "Target Support Files/Pods-langchain_implementation/Pods-langchain_implementation.debug.xcconfig"; sourceTree = "<group>"; };
		3D2371202A7C73B0000DB098 /* BackgroundInfoViewController.swift */ = {isa = PBXFileReference; lastKnownFileType = sourcecode.swift; path = BackgroundInfoViewController.swift; sourceTree = "<group>"; };
		3D2371222A7C9980000DB098 /* ChatTableViewCell.swift */ = {isa = PBXFileReference; lastKnownFileType = sourcecode.swift; path = ChatTableViewCell.swift; sourceTree = "<group>"; };
		3D2F5E202A85DA49008B5987 /* DetermineLocationViewController.swift */ = {isa = PBXFileReference; lastKnownFileType = sourcecode.swift; path = DetermineLocationViewController.swift; sourceTree = "<group>"; };
		3D2F5E222A85DE2D008B5987 /* asdgafdhhhViewController.swift */ = {isa = PBXFileReference; lastKnownFileType = sourcecode.swift; path = asdgafdhhhViewController.swift; sourceTree = "<group>"; };
		3D2F5E242A8940CC008B5987 /* ItineraryViewController.swift */ = {isa = PBXFileReference; lastKnownFileType = sourcecode.swift; path = ItineraryViewController.swift; sourceTree = "<group>"; };
		3DA327DC2A7980E4003CC7D3 /* ChatModeViewController.swift */ = {isa = PBXFileReference; lastKnownFileType = sourcecode.swift; path = ChatModeViewController.swift; sourceTree = "<group>"; };
		3DA327DE2A798188003CC7D3 /* HistoryViewController.swift */ = {isa = PBXFileReference; lastKnownFileType = sourcecode.swift; path = HistoryViewController.swift; sourceTree = "<group>"; };
		3DA327E02A7981F1003CC7D3 /* ItineraryCollectionViewCell.swift */ = {isa = PBXFileReference; lastKnownFileType = sourcecode.swift; path = ItineraryCollectionViewCell.swift; sourceTree = "<group>"; };
		3DA327E22A798219003CC7D3 /* Itinerary.swift */ = {isa = PBXFileReference; lastKnownFileType = sourcecode.swift; path = Itinerary.swift; sourceTree = "<group>"; };
		3DA327E42A79B939003CC7D3 /* NetworkManager.swift */ = {isa = PBXFileReference; lastKnownFileType = sourcecode.swift; path = NetworkManager.swift; sourceTree = "<group>"; };
		9B7637BF2C004B2A553A8777 /* Pods-langchain_implementation.release.xcconfig */ = {isa = PBXFileReference; includeInIndex = 1; lastKnownFileType = text.xcconfig; name = "Pods-langchain_implementation.release.xcconfig"; path = "Target Support Files/Pods-langchain_implementation/Pods-langchain_implementation.release.xcconfig"; sourceTree = "<group>"; };
		EE2998FBE1D3456B9F786EA5 /* Pods_langchain_implementation.framework */ = {isa = PBXFileReference; explicitFileType = wrapper.framework; includeInIndex = 0; path = Pods_langchain_implementation.framework; sourceTree = BUILT_PRODUCTS_DIR; };
		EE3460612A76E34D00DF13C6 /* PushViewController.swift */ = {isa = PBXFileReference; lastKnownFileType = sourcecode.swift; path = PushViewController.swift; sourceTree = "<group>"; };
		EE59D25A2A632DD5007C6BB1 /* langchain_implementation.app */ = {isa = PBXFileReference; explicitFileType = wrapper.application; includeInIndex = 0; path = langchain_implementation.app; sourceTree = BUILT_PRODUCTS_DIR; };
		EE59D25D2A632DD5007C6BB1 /* AppDelegate.swift */ = {isa = PBXFileReference; lastKnownFileType = sourcecode.swift; path = AppDelegate.swift; sourceTree = "<group>"; };
		EE59D25F2A632DD5007C6BB1 /* SceneDelegate.swift */ = {isa = PBXFileReference; lastKnownFileType = sourcecode.swift; path = SceneDelegate.swift; sourceTree = "<group>"; };
		EE59D2612A632DD5007C6BB1 /* ViewController.swift */ = {isa = PBXFileReference; lastKnownFileType = sourcecode.swift; path = ViewController.swift; sourceTree = "<group>"; };
		EE59D2642A632DD5007C6BB1 /* Base */ = {isa = PBXFileReference; lastKnownFileType = file.storyboard; name = Base; path = Base.lproj/Main.storyboard; sourceTree = "<group>"; };
		EE59D2672A632DD5007C6BB1 /* langchain_implementation.xcdatamodel */ = {isa = PBXFileReference; lastKnownFileType = wrapper.xcdatamodel; path = langchain_implementation.xcdatamodel; sourceTree = "<group>"; };
		EE59D2692A632DD6007C6BB1 /* Assets.xcassets */ = {isa = PBXFileReference; lastKnownFileType = folder.assetcatalog; path = Assets.xcassets; sourceTree = "<group>"; };
		EE59D26C2A632DD6007C6BB1 /* Base */ = {isa = PBXFileReference; lastKnownFileType = file.storyboard; name = Base; path = Base.lproj/LaunchScreen.storyboard; sourceTree = "<group>"; };
		EE59D26E2A632DD6007C6BB1 /* Info.plist */ = {isa = PBXFileReference; lastKnownFileType = text.plist.xml; path = Info.plist; sourceTree = "<group>"; };
		EEE850D12A6336E5005E5304 /* env.txt */ = {isa = PBXFileReference; lastKnownFileType = text; path = env.txt; sourceTree = "<group>"; };
		EEE850D32A633761005E5304 /* testLangChain.swift */ = {isa = PBXFileReference; lastKnownFileType = sourcecode.swift; path = testLangChain.swift; sourceTree = "<group>"; };
/* End PBXFileReference section */

/* Begin PBXFrameworksBuildPhase section */
		EE59D2572A632DD5007C6BB1 /* Frameworks */ = {
			isa = PBXFrameworksBuildPhase;
			buildActionMask = 2147483647;
			files = (
				EEE850D72A633C31005E5304 /* LangChain in Frameworks */,
				FA37804A0D5DE970F4EDA27A /* Pods_langchain_implementation.framework in Frameworks */,
			);
			runOnlyForDeploymentPostprocessing = 0;
		};
/* End PBXFrameworksBuildPhase section */

/* Begin PBXGroup section */
		0BDC5689F8A01A67A601F9C7 /* Pods */ = {
			isa = PBXGroup;
			children = (
				337BBF69985E874699E9E812 /* Pods-langchain_implementation.debug.xcconfig */,
				9B7637BF2C004B2A553A8777 /* Pods-langchain_implementation.release.xcconfig */,
			);
			path = Pods;
			sourceTree = "<group>";
		};
		EE59D2512A632DD5007C6BB1 = {
			isa = PBXGroup;
			children = (
				EE59D25C2A632DD5007C6BB1 /* langchain_implementation */,
				EE59D25B2A632DD5007C6BB1 /* Products */,
				EEE850D52A633C31005E5304 /* Frameworks */,
				0BDC5689F8A01A67A601F9C7 /* Pods */,
			);
			sourceTree = "<group>";
		};
		EE59D25B2A632DD5007C6BB1 /* Products */ = {
			isa = PBXGroup;
			children = (
				EE59D25A2A632DD5007C6BB1 /* langchain_implementation.app */,
			);
			name = Products;
			sourceTree = "<group>";
		};
		EE59D25C2A632DD5007C6BB1 /* langchain_implementation */ = {
			isa = PBXGroup;
			children = (
				EE59D25D2A632DD5007C6BB1 /* AppDelegate.swift */,
				EEE850D12A6336E5005E5304 /* env.txt */,
				EE59D25F2A632DD5007C6BB1 /* SceneDelegate.swift */,
				3DA327E42A79B939003CC7D3 /* NetworkManager.swift */,
				EE59D2612A632DD5007C6BB1 /* ViewController.swift */,
				3D2371202A7C73B0000DB098 /* BackgroundInfoViewController.swift */,
				3D2F5E222A85DE2D008B5987 /* asdgafdhhhViewController.swift */,
				3DA327DE2A798188003CC7D3 /* HistoryViewController.swift */,
				3DA327E02A7981F1003CC7D3 /* ItineraryCollectionViewCell.swift */,
				3D2F5E242A8940CC008B5987 /* ItineraryViewController.swift */,
				3DA327E22A798219003CC7D3 /* Itinerary.swift */,
				3DA327DC2A7980E4003CC7D3 /* ChatModeViewController.swift */,
				3D2F5E202A85DA49008B5987 /* DetermineLocationViewController.swift */,
				3D2371222A7C9980000DB098 /* ChatTableViewCell.swift */,
				EE59D2632A632DD5007C6BB1 /* Main.storyboard */,
				EE3460612A76E34D00DF13C6 /* PushViewController.swift */,
				EE59D2692A632DD6007C6BB1 /* Assets.xcassets */,
				EEE850D32A633761005E5304 /* testLangChain.swift */,
				EE59D26B2A632DD6007C6BB1 /* LaunchScreen.storyboard */,
				EE59D26E2A632DD6007C6BB1 /* Info.plist */,
				EE59D2662A632DD5007C6BB1 /* langchain_implementation.xcdatamodeld */,
			);
			path = langchain_implementation;
			sourceTree = "<group>";
		};
		EEE850D52A633C31005E5304 /* Frameworks */ = {
			isa = PBXGroup;
			children = (
				EE2998FBE1D3456B9F786EA5 /* Pods_langchain_implementation.framework */,
			);
			name = Frameworks;
			sourceTree = "<group>";
		};
/* End PBXGroup section */

/* Begin PBXNativeTarget section */
		EE59D2592A632DD5007C6BB1 /* langchain_implementation */ = {
			isa = PBXNativeTarget;
			buildConfigurationList = EE59D2712A632DD6007C6BB1 /* Build configuration list for PBXNativeTarget "langchain_implementation" */;
			buildPhases = (
				D6F26A481DC458F082750C4D /* [CP] Check Pods Manifest.lock */,
				EE59D2562A632DD5007C6BB1 /* Sources */,
				EE59D2572A632DD5007C6BB1 /* Frameworks */,
				EE59D2582A632DD5007C6BB1 /* Resources */,
				B2100592828E1B13C3D9880E /* [CP] Embed Pods Frameworks */,
			);
			buildRules = (
			);
			dependencies = (
			);
			name = langchain_implementation;
			packageProductDependencies = (
				EEE850D62A633C31005E5304 /* LangChain */,
			);
			productName = langchain_implementation;
			productReference = EE59D25A2A632DD5007C6BB1 /* langchain_implementation.app */;
			productType = "com.apple.product-type.application";
		};
/* End PBXNativeTarget section */

/* Begin PBXProject section */
		EE59D2522A632DD5007C6BB1 /* Project object */ = {
			isa = PBXProject;
			attributes = {
				BuildIndependentTargetsInParallel = 1;
				LastSwiftUpdateCheck = 1400;
				LastUpgradeCheck = 1400;
				TargetAttributes = {
					EE59D2592A632DD5007C6BB1 = {
						CreatedOnToolsVersion = 14.0;
					};
				};
			};
			buildConfigurationList = EE59D2552A632DD5007C6BB1 /* Build configuration list for PBXProject "langchain_implementation" */;
			compatibilityVersion = "Xcode 14.0";
			developmentRegion = en;
			hasScannedForEncodings = 0;
			knownRegions = (
				en,
				Base,
			);
			mainGroup = EE59D2512A632DD5007C6BB1;
			packageReferences = (
				EE59D2742A632E81007C6BB1 /* XCRemoteSwiftPackageReference "langchain-swift" */,
			);
			productRefGroup = EE59D25B2A632DD5007C6BB1 /* Products */;
			projectDirPath = "";
			projectRoot = "";
			targets = (
				EE59D2592A632DD5007C6BB1 /* langchain_implementation */,
			);
		};
/* End PBXProject section */

/* Begin PBXResourcesBuildPhase section */
		EE59D2582A632DD5007C6BB1 /* Resources */ = {
			isa = PBXResourcesBuildPhase;
			buildActionMask = 2147483647;
			files = (
				EE59D26D2A632DD6007C6BB1 /* LaunchScreen.storyboard in Resources */,
				EE59D26A2A632DD6007C6BB1 /* Assets.xcassets in Resources */,
				EEE850D22A6336E5005E5304 /* env.txt in Resources */,
				EE59D2652A632DD5007C6BB1 /* Main.storyboard in Resources */,
			);
			runOnlyForDeploymentPostprocessing = 0;
		};
/* End PBXResourcesBuildPhase section */

/* Begin PBXShellScriptBuildPhase section */
		B2100592828E1B13C3D9880E /* [CP] Embed Pods Frameworks */ = {
			isa = PBXShellScriptBuildPhase;
			buildActionMask = 2147483647;
			files = (
			);
			inputFileListPaths = (
				"${PODS_ROOT}/Target Support Files/Pods-langchain_implementation/Pods-langchain_implementation-frameworks-${CONFIGURATION}-input-files.xcfilelist",
			);
			name = "[CP] Embed Pods Frameworks";
			outputFileListPaths = (
				"${PODS_ROOT}/Target Support Files/Pods-langchain_implementation/Pods-langchain_implementation-frameworks-${CONFIGURATION}-output-files.xcfilelist",
			);
			runOnlyForDeploymentPostprocessing = 0;
			shellPath = /bin/sh;
			shellScript = "\"${PODS_ROOT}/Target Support Files/Pods-langchain_implementation/Pods-langchain_implementation-frameworks.sh\"\n";
			showEnvVarsInLog = 0;
		};
		D6F26A481DC458F082750C4D /* [CP] Check Pods Manifest.lock */ = {
			isa = PBXShellScriptBuildPhase;
			buildActionMask = 2147483647;
			files = (
			);
			inputFileListPaths = (
			);
			inputPaths = (
				"${PODS_PODFILE_DIR_PATH}/Podfile.lock",
				"${PODS_ROOT}/Manifest.lock",
			);
			name = "[CP] Check Pods Manifest.lock";
			outputFileListPaths = (
			);
			outputPaths = (
				"$(DERIVED_FILE_DIR)/Pods-langchain_implementation-checkManifestLockResult.txt",
			);
			runOnlyForDeploymentPostprocessing = 0;
			shellPath = /bin/sh;
			shellScript = "diff \"${PODS_PODFILE_DIR_PATH}/Podfile.lock\" \"${PODS_ROOT}/Manifest.lock\" > /dev/null\nif [ $? != 0 ] ; then\n    # print error to STDERR\n    echo \"error: The sandbox is not in sync with the Podfile.lock. Run 'pod install' or update your CocoaPods installation.\" >&2\n    exit 1\nfi\n# This output is used by Xcode 'outputs' to avoid re-running this script phase.\necho \"SUCCESS\" > \"${SCRIPT_OUTPUT_FILE_0}\"\n";
			showEnvVarsInLog = 0;
		};
/* End PBXShellScriptBuildPhase section */

/* Begin PBXSourcesBuildPhase section */
		EE59D2562A632DD5007C6BB1 /* Sources */ = {
			isa = PBXSourcesBuildPhase;
			buildActionMask = 2147483647;
			files = (
				EE59D2622A632DD5007C6BB1 /* ViewController.swift in Sources */,
				3D2F5E212A85DA49008B5987 /* DetermineLocationViewController.swift in Sources */,
				EE59D25E2A632DD5007C6BB1 /* AppDelegate.swift in Sources */,
				EE3460622A76E34D00DF13C6 /* PushViewController.swift in Sources */,
				3DA327E12A7981F1003CC7D3 /* ItineraryCollectionViewCell.swift in Sources */,
				3D2371212A7C73B0000DB098 /* BackgroundInfoViewController.swift in Sources */,
				3DA327E52A79B939003CC7D3 /* NetworkManager.swift in Sources */,
				EE59D2602A632DD5007C6BB1 /* SceneDelegate.swift in Sources */,
				EE59D2682A632DD5007C6BB1 /* langchain_implementation.xcdatamodeld in Sources */,
				3D2F5E232A85DE2D008B5987 /* asdgafdhhhViewController.swift in Sources */,
				3DA327DD2A7980E4003CC7D3 /* ChatModeViewController.swift in Sources */,
				EEE850D42A633761005E5304 /* testLangChain.swift in Sources */,
				3DA327DF2A798188003CC7D3 /* HistoryViewController.swift in Sources */,
				3D2371232A7C9980000DB098 /* ChatTableViewCell.swift in Sources */,
				3D2F5E252A8940CC008B5987 /* ItineraryViewController.swift in Sources */,
				3DA327E32A798219003CC7D3 /* Itinerary.swift in Sources */,
			);
			runOnlyForDeploymentPostprocessing = 0;
		};
/* End PBXSourcesBuildPhase section */

/* Begin PBXVariantGroup section */
		EE59D2632A632DD5007C6BB1 /* Main.storyboard */ = {
			isa = PBXVariantGroup;
			children = (
				EE59D2642A632DD5007C6BB1 /* Base */,
			);
			name = Main.storyboard;
			sourceTree = "<group>";
		};
		EE59D26B2A632DD6007C6BB1 /* LaunchScreen.storyboard */ = {
			isa = PBXVariantGroup;
			children = (
				EE59D26C2A632DD6007C6BB1 /* Base */,
			);
			name = LaunchScreen.storyboard;
			sourceTree = "<group>";
		};
/* End PBXVariantGroup section */

/* Begin XCBuildConfiguration section */
		EE59D26F2A632DD6007C6BB1 /* Debug */ = {
			isa = XCBuildConfiguration;
			buildSettings = {
				ALWAYS_SEARCH_USER_PATHS = NO;
				CLANG_ANALYZER_NONNULL = YES;
				CLANG_ANALYZER_NUMBER_OBJECT_CONVERSION = YES_AGGRESSIVE;
				CLANG_CXX_LANGUAGE_STANDARD = "gnu++20";
				CLANG_ENABLE_MODULES = YES;
				CLANG_ENABLE_OBJC_ARC = YES;
				CLANG_ENABLE_OBJC_WEAK = YES;
				CLANG_WARN_BLOCK_CAPTURE_AUTORELEASING = YES;
				CLANG_WARN_BOOL_CONVERSION = YES;
				CLANG_WARN_COMMA = YES;
				CLANG_WARN_CONSTANT_CONVERSION = YES;
				CLANG_WARN_DEPRECATED_OBJC_IMPLEMENTATIONS = YES;
				CLANG_WARN_DIRECT_OBJC_ISA_USAGE = YES_ERROR;
				CLANG_WARN_DOCUMENTATION_COMMENTS = YES;
				CLANG_WARN_EMPTY_BODY = YES;
				CLANG_WARN_ENUM_CONVERSION = YES;
				CLANG_WARN_INFINITE_RECURSION = YES;
				CLANG_WARN_INT_CONVERSION = YES;
				CLANG_WARN_NON_LITERAL_NULL_CONVERSION = YES;
				CLANG_WARN_OBJC_IMPLICIT_RETAIN_SELF = YES;
				CLANG_WARN_OBJC_LITERAL_CONVERSION = YES;
				CLANG_WARN_OBJC_ROOT_CLASS = YES_ERROR;
				CLANG_WARN_QUOTED_INCLUDE_IN_FRAMEWORK_HEADER = YES;
				CLANG_WARN_RANGE_LOOP_ANALYSIS = YES;
				CLANG_WARN_STRICT_PROTOTYPES = YES;
				CLANG_WARN_SUSPICIOUS_MOVE = YES;
				CLANG_WARN_UNGUARDED_AVAILABILITY = YES_AGGRESSIVE;
				CLANG_WARN_UNREACHABLE_CODE = YES;
				CLANG_WARN__DUPLICATE_METHOD_MATCH = YES;
				COPY_PHASE_STRIP = NO;
				DEBUG_INFORMATION_FORMAT = dwarf;
				ENABLE_STRICT_OBJC_MSGSEND = YES;
				ENABLE_TESTABILITY = YES;
				GCC_C_LANGUAGE_STANDARD = gnu11;
				GCC_DYNAMIC_NO_PIC = NO;
				GCC_NO_COMMON_BLOCKS = YES;
				GCC_OPTIMIZATION_LEVEL = 0;
				GCC_PREPROCESSOR_DEFINITIONS = (
					"DEBUG=1",
					"$(inherited)",
				);
				GCC_WARN_64_TO_32_BIT_CONVERSION = YES;
				GCC_WARN_ABOUT_RETURN_TYPE = YES_ERROR;
				GCC_WARN_UNDECLARED_SELECTOR = YES;
				GCC_WARN_UNINITIALIZED_AUTOS = YES_AGGRESSIVE;
				GCC_WARN_UNUSED_FUNCTION = YES;
				GCC_WARN_UNUSED_VARIABLE = YES;
				IPHONEOS_DEPLOYMENT_TARGET = 16.0;
				MTL_ENABLE_DEBUG_INFO = INCLUDE_SOURCE;
				MTL_FAST_MATH = YES;
				ONLY_ACTIVE_ARCH = YES;
				SDKROOT = iphoneos;
				SWIFT_ACTIVE_COMPILATION_CONDITIONS = DEBUG;
				SWIFT_OPTIMIZATION_LEVEL = "-Onone";
			};
			name = Debug;
		};
		EE59D2702A632DD6007C6BB1 /* Release */ = {
			isa = XCBuildConfiguration;
			buildSettings = {
				ALWAYS_SEARCH_USER_PATHS = NO;
				CLANG_ANALYZER_NONNULL = YES;
				CLANG_ANALYZER_NUMBER_OBJECT_CONVERSION = YES_AGGRESSIVE;
				CLANG_CXX_LANGUAGE_STANDARD = "gnu++20";
				CLANG_ENABLE_MODULES = YES;
				CLANG_ENABLE_OBJC_ARC = YES;
				CLANG_ENABLE_OBJC_WEAK = YES;
				CLANG_WARN_BLOCK_CAPTURE_AUTORELEASING = YES;
				CLANG_WARN_BOOL_CONVERSION = YES;
				CLANG_WARN_COMMA = YES;
				CLANG_WARN_CONSTANT_CONVERSION = YES;
				CLANG_WARN_DEPRECATED_OBJC_IMPLEMENTATIONS = YES;
				CLANG_WARN_DIRECT_OBJC_ISA_USAGE = YES_ERROR;
				CLANG_WARN_DOCUMENTATION_COMMENTS = YES;
				CLANG_WARN_EMPTY_BODY = YES;
				CLANG_WARN_ENUM_CONVERSION = YES;
				CLANG_WARN_INFINITE_RECURSION = YES;
				CLANG_WARN_INT_CONVERSION = YES;
				CLANG_WARN_NON_LITERAL_NULL_CONVERSION = YES;
				CLANG_WARN_OBJC_IMPLICIT_RETAIN_SELF = YES;
				CLANG_WARN_OBJC_LITERAL_CONVERSION = YES;
				CLANG_WARN_OBJC_ROOT_CLASS = YES_ERROR;
				CLANG_WARN_QUOTED_INCLUDE_IN_FRAMEWORK_HEADER = YES;
				CLANG_WARN_RANGE_LOOP_ANALYSIS = YES;
				CLANG_WARN_STRICT_PROTOTYPES = YES;
				CLANG_WARN_SUSPICIOUS_MOVE = YES;
				CLANG_WARN_UNGUARDED_AVAILABILITY = YES_AGGRESSIVE;
				CLANG_WARN_UNREACHABLE_CODE = YES;
				CLANG_WARN__DUPLICATE_METHOD_MATCH = YES;
				COPY_PHASE_STRIP = NO;
				DEBUG_INFORMATION_FORMAT = "dwarf-with-dsym";
				ENABLE_NS_ASSERTIONS = NO;
				ENABLE_STRICT_OBJC_MSGSEND = YES;
				GCC_C_LANGUAGE_STANDARD = gnu11;
				GCC_NO_COMMON_BLOCKS = YES;
				GCC_WARN_64_TO_32_BIT_CONVERSION = YES;
				GCC_WARN_ABOUT_RETURN_TYPE = YES_ERROR;
				GCC_WARN_UNDECLARED_SELECTOR = YES;
				GCC_WARN_UNINITIALIZED_AUTOS = YES_AGGRESSIVE;
				GCC_WARN_UNUSED_FUNCTION = YES;
				GCC_WARN_UNUSED_VARIABLE = YES;
				IPHONEOS_DEPLOYMENT_TARGET = 16.0;
				MTL_ENABLE_DEBUG_INFO = NO;
				MTL_FAST_MATH = YES;
				SDKROOT = iphoneos;
				SWIFT_COMPILATION_MODE = wholemodule;
				SWIFT_OPTIMIZATION_LEVEL = "-O";
				VALIDATE_PRODUCT = YES;
			};
			name = Release;
		};
		EE59D2722A632DD6007C6BB1 /* Debug */ = {
			isa = XCBuildConfiguration;
			baseConfigurationReference = 337BBF69985E874699E9E812 /* Pods-langchain_implementation.debug.xcconfig */;
			buildSettings = {
				ASSETCATALOG_COMPILER_APPICON_NAME = AppIcon;
				ASSETCATALOG_COMPILER_GLOBAL_ACCENT_COLOR_NAME = AccentColor;
				CODE_SIGN_STYLE = Automatic;
				CURRENT_PROJECT_VERSION = 1;
				DEVELOPMENT_TEAM = 663AR6FQ83;
				GENERATE_INFOPLIST_FILE = YES;
				INFOPLIST_FILE = langchain_implementation/Info.plist;
				INFOPLIST_KEY_UIApplicationSupportsIndirectInputEvents = YES;
				INFOPLIST_KEY_UILaunchStoryboardName = LaunchScreen;
				INFOPLIST_KEY_UIMainStoryboardFile = Main;
				INFOPLIST_KEY_UISupportedInterfaceOrientations_iPad = "UIInterfaceOrientationPortrait UIInterfaceOrientationPortraitUpsideDown UIInterfaceOrientationLandscapeLeft UIInterfaceOrientationLandscapeRight";
				INFOPLIST_KEY_UISupportedInterfaceOrientations_iPhone = "UIInterfaceOrientationPortrait UIInterfaceOrientationLandscapeLeft UIInterfaceOrientationLandscapeRight";
				LD_RUNPATH_SEARCH_PATHS = (
					"$(inherited)",
					"@executable_path/Frameworks",
				);
				MARKETING_VERSION = 1.0;
				PRODUCT_BUNDLE_IDENTIFIER = "com.cindy.langchain-implementation";
				PRODUCT_NAME = "$(TARGET_NAME)";
				SWIFT_EMIT_LOC_STRINGS = YES;
				SWIFT_VERSION = 5.0;
				TARGETED_DEVICE_FAMILY = "1,2";
			};
			name = Debug;
		};
		EE59D2732A632DD6007C6BB1 /* Release */ = {
			isa = XCBuildConfiguration;
			baseConfigurationReference = 9B7637BF2C004B2A553A8777 /* Pods-langchain_implementation.release.xcconfig */;
			buildSettings = {
				ASSETCATALOG_COMPILER_APPICON_NAME = AppIcon;
				ASSETCATALOG_COMPILER_GLOBAL_ACCENT_COLOR_NAME = AccentColor;
				CODE_SIGN_STYLE = Automatic;
				CURRENT_PROJECT_VERSION = 1;
				DEVELOPMENT_TEAM = 663AR6FQ83;
				GENERATE_INFOPLIST_FILE = YES;
				INFOPLIST_FILE = langchain_implementation/Info.plist;
				INFOPLIST_KEY_UIApplicationSupportsIndirectInputEvents = YES;
				INFOPLIST_KEY_UILaunchStoryboardName = LaunchScreen;
				INFOPLIST_KEY_UIMainStoryboardFile = Main;
				INFOPLIST_KEY_UISupportedInterfaceOrientations_iPad = "UIInterfaceOrientationPortrait UIInterfaceOrientationPortraitUpsideDown UIInterfaceOrientationLandscapeLeft UIInterfaceOrientationLandscapeRight";
				INFOPLIST_KEY_UISupportedInterfaceOrientations_iPhone = "UIInterfaceOrientationPortrait UIInterfaceOrientationLandscapeLeft UIInterfaceOrientationLandscapeRight";
				LD_RUNPATH_SEARCH_PATHS = (
					"$(inherited)",
					"@executable_path/Frameworks",
				);
				MARKETING_VERSION = 1.0;
				PRODUCT_BUNDLE_IDENTIFIER = "com.cindy.langchain-implementation";
				PRODUCT_NAME = "$(TARGET_NAME)";
				SWIFT_EMIT_LOC_STRINGS = YES;
				SWIFT_VERSION = 5.0;
				TARGETED_DEVICE_FAMILY = "1,2";
			};
			name = Release;
		};
/* End XCBuildConfiguration section */

/* Begin XCConfigurationList section */
		EE59D2552A632DD5007C6BB1 /* Build configuration list for PBXProject "langchain_implementation" */ = {
			isa = XCConfigurationList;
			buildConfigurations = (
				EE59D26F2A632DD6007C6BB1 /* Debug */,
				EE59D2702A632DD6007C6BB1 /* Release */,
			);
			defaultConfigurationIsVisible = 0;
			defaultConfigurationName = Release;
		};
		EE59D2712A632DD6007C6BB1 /* Build configuration list for PBXNativeTarget "langchain_implementation" */ = {
			isa = XCConfigurationList;
			buildConfigurations = (
				EE59D2722A632DD6007C6BB1 /* Debug */,
				EE59D2732A632DD6007C6BB1 /* Release */,
			);
			defaultConfigurationIsVisible = 0;
			defaultConfigurationName = Release;
		};
/* End XCConfigurationList section */

/* Begin XCRemoteSwiftPackageReference section */
		EE59D2742A632E81007C6BB1 /* XCRemoteSwiftPackageReference "langchain-swift" */ = {
			isa = XCRemoteSwiftPackageReference;
			repositoryURL = "https://github.com/buhe/langchain-swift.git";
			requirement = {
				kind = upToNextMajorVersion;
				minimumVersion = 0.6.0;
			};
		};
/* End XCRemoteSwiftPackageReference section */

/* Begin XCSwiftPackageProductDependency section */
		EEE850D62A633C31005E5304 /* LangChain */ = {
			isa = XCSwiftPackageProductDependency;
			package = EE59D2742A632E81007C6BB1 /* XCRemoteSwiftPackageReference "langchain-swift" */;
			productName = LangChain;
		};
/* End XCSwiftPackageProductDependency section */

/* Begin XCVersionGroup section */
		EE59D2662A632DD5007C6BB1 /* langchain_implementation.xcdatamodeld */ = {
			isa = XCVersionGroup;
			children = (
				EE59D2672A632DD5007C6BB1 /* langchain_implementation.xcdatamodel */,
			);
			currentVersion = EE59D2672A632DD5007C6BB1 /* langchain_implementation.xcdatamodel */;
			path = langchain_implementation.xcdatamodeld;
			sourceTree = "<group>";
			versionGroupType = wrapper.xcdatamodel;
		};
/* End XCVersionGroup section */
	};
	rootObject = EE59D2522A632DD5007C6BB1 /* Project object */;
}
